
Microsoft Visual Studio Solution File, Format Version 12.00
# Visual Studio Version 16
VisualStudioVersion = 16.0.31613.86
MinimumVisualStudioVersion = 10.0.40219.1
Project("{FAE04EC0-301F-11D3-BF4B-00C04F79EFBC}") = "Electronics-Shop", "Electronics-Shop\Electronics-Shop.csproj", "{62DE2965-5AA9-43F8-9F5C-E198468EF226}"
EndProject
Global
	GlobalSection(SolutionConfigurationPlatforms) = preSolution
		Debug|Any CPU = Debug|Any CPU
		Release|Any CPU = Release|Any CPU
	EndGlobalSection
	GlobalSection(ProjectConfigurationPlatforms) = postSolution
		{62DE2965-5AA9-43F8-9F5C-E198468EF226}.Debug|Any CPU.ActiveCfg = Debug|Any CPU
		{62DE2965-5AA9-43F8-9F5C-E198468EF226}.Debug|Any CPU.Build.0 = Debug|Any CPU
		{62DE2965-5AA9-43F8-9F5C-E198468EF226}.Release|Any CPU.ActiveCfg = Release|Any CPU
		{62DE2965-5AA9-43F8-9F5C-E198468EF226}.Release|Any CPU.Build.0 = Release|Any CPU
	EndGlobalSection
	GlobalSection(SolutionProperties) = preSolution
		HideSolutionNode = FALSE
	EndGlobalSection
	GlobalSection(ExtensibilityGlobals) = postSolution
		SolutionGuid = {CC2D31CF-E0C9-4B9A-8785-F3DAB9BA4682}
	EndGlobalSection
EndGlobal
